{
  "name": "task_management_app",
  "version": "1.0.0",
  "lockfileVersion": 3,
  "requires": true,
  "packages": {
    "": {
      "name": "task_management_app",
      "version": "1.0.0",
      "license": "ISC",
      "dependencies": {
        "stimulus_reflex": "^3.4.1"
      }
    },
    "node_modules/@hotwired/stimulus": {
      "version": "3.2.2",
      "resolved": "https://registry.npmjs.org/@hotwired/stimulus/-/stimulus-3.2.2.tgz",
      "integrity": "sha512-eGeIqNOQpXoPAIP7tC1+1Yc1yl1xnwYqg+3mzqxyrbE5pg5YFBZcA6YoTiByJB6DKAEsiWtl6tjTJS4IYtbB7A==",
      "peer": true
    },
    "node_modules/@hotwired/stimulus-webpack-helpers": {
      "version": "1.0.1",
      "resolved": "https://registry.npmjs.org/@hotwired/stimulus-webpack-helpers/-/stimulus-webpack-helpers-1.0.1.tgz",
      "integrity": "sha512-wa/zupVG0eWxRYJjC1IiPBdt3Lruv0RqGN+/DTMmUWUyMAEB27KXmVY6a8YpUVTM7QwVuaLNGW4EqDgrS2upXQ==",
      "peer": true,
      "peerDependencies": {
        "@hotwired/stimulus": ">= 3.0"
      }
    },
    "node_modules/@rails/actioncable": {
      "version": "7.0.7",
      "resolved": "https://registry.npmjs.org/@rails/actioncable/-/actioncable-7.0.7.tgz",
      "integrity": "sha512-NqHf4XDkeVaNk/r+TBo2aAMkjPyRPEfZkSqCTijfWukW1zTZ2XLDfvFzbpRCuWZ6gxItgoa/FkILZm27HRh2yg=="
    },
    "node_modules/cable_ready": {
      "version": "5.0.1",
      "resolved": "https://registry.npmjs.org/cable_ready/-/cable_ready-5.0.1.tgz",
      "integrity": "sha512-+t9rKTgYwW5XBx113y97qC8MNEtBZZL84Isdec23HWvjMx0icOQsMzHJE75ycjevgjACTeWZqjRcCdtCHxgZ9g==",
      "dependencies": {
        "morphdom": "2.6.1"
      }
    },
    "node_modules/morphdom": {
      "version": "2.6.1",
      "resolved": "https://registry.npmjs.org/morphdom/-/morphdom-2.6.1.tgz",
      "integrity": "sha512-Y8YRbAEP3eKykroIBWrjcfMw7mmwJfjhqdpSvoqinu8Y702nAwikpXcNFDiIkyvfCLxLM9Wu95RZqo4a9jFBaA=="
    },
    "node_modules/stimulus": {
      "version": "3.2.2",
      "resolved": "https://registry.npmjs.org/stimulus/-/stimulus-3.2.2.tgz",
      "integrity": "sha512-sEGK0ofeMuW+B2oPLTigCqxl47P9vRfZxeqzY5Hk1u0QPWS8DZhW+VOEEyngtzdHM+MutXKGBT8BkUKoA0060Q==",
      "peer": true,
      "dependencies": {
        "@hotwired/stimulus": "^3.2.2",
        "@hotwired/stimulus-webpack-helpers": "^1.0.0"
      }
    },
    "node_modules/stimulus_reflex": {
      "version": "3.4.1",
      "resolved": "https://registry.npmjs.org/stimulus_reflex/-/stimulus_reflex-3.4.1.tgz",
      "integrity": "sha512-YbFcuE4HndNe9RBQvF/Vu+7GDt0zLGdhQTXuGfLDVti1qggPG3kPgV1YBZ9volzBTGUmLp2PQbxG9j5AIyYp5A==",
      "hasInstallScript": true,
      "dependencies": {
        "@rails/actioncable": ">= 6.0",
        "cable_ready": ">= 4.5.0"
      },
      "peerDependencies": {
        "stimulus": ">= 1.1"
      }
    }
  }
}
